{
  "name": "terminated",
  "version": "1.0.0",
  "lockfileVersion": 1,
  "requires": true,
  "dependencies": {
    "xterm": {
      "version": "4.5.0",
      "resolved": "https://registry.npm.taobao.org/xterm/download/xterm-4.5.0.tgz",
      "integrity": "sha1-x/0UXGz5HJ8u8HARqbNQJs9L/sw="
    }
  }
}
